
Microsoft Visual Studio Solution File, Format Version 12.00
# Visual Studio Version 16
VisualStudioVersion = 16.0.30225.117
MinimumVisualStudioVersion = 10.0.40219.1
Project("{9A19103F-16F7-4668-BE54-9A1E7A4F7556}") = "DagbokReader", "DagbokReader\DagbokReader.csproj", "{4A183385-5ECE-4E7E-A4F2-641DD5E00E36}"
EndProject
Project("{9A19103F-16F7-4668-BE54-9A1E7A4F7556}") = "DagbokDownloader", "DagbokDownloader\DagbokDownloader.csproj", "{EED1B610-A351-4CEC-BB62-CC001DD5603D}"
EndProject
Project("{9A19103F-16F7-4668-BE54-9A1E7A4F7556}") = "DagbokTranslator", "DagbokTranslator\DagbokTranslator.csproj", "{A18B8392-E38D-4366-B551-D65BA34DE1A3}"
EndProject
Project("{FAE04EC0-301F-11D3-BF4B-00C04F79EFBC}") = "DagbokDataModel", "DagbokDataModel\DagbokDataModel.csproj", "{DE98612F-22A2-471C-A11B-BFF1A7174688}"
EndProject
Global
	GlobalSection(SolutionConfigurationPlatforms) = preSolution
		Debug|Any CPU = Debug|Any CPU
		Release|Any CPU = Release|Any CPU
	EndGlobalSection
	GlobalSection(ProjectConfigurationPlatforms) = postSolution
		{4A183385-5ECE-4E7E-A4F2-641DD5E00E36}.Debug|Any CPU.ActiveCfg = Debug|Any CPU
		{4A183385-5ECE-4E7E-A4F2-641DD5E00E36}.Debug|Any CPU.Build.0 = Debug|Any CPU
		{4A183385-5ECE-4E7E-A4F2-641DD5E00E36}.Release|Any CPU.ActiveCfg = Release|Any CPU
		{4A183385-5ECE-4E7E-A4F2-641DD5E00E36}.Release|Any CPU.Build.0 = Release|Any CPU
		{EED1B610-A351-4CEC-BB62-CC001DD5603D}.Debug|Any CPU.ActiveCfg = Debug|Any CPU
		{EED1B610-A351-4CEC-BB62-CC001DD5603D}.Debug|Any CPU.Build.0 = Debug|Any CPU
		{EED1B610-A351-4CEC-BB62-CC001DD5603D}.Release|Any CPU.ActiveCfg = Release|Any CPU
		{EED1B610-A351-4CEC-BB62-CC001DD5603D}.Release|Any CPU.Build.0 = Release|Any CPU
		{A18B8392-E38D-4366-B551-D65BA34DE1A3}.Debug|Any CPU.ActiveCfg = Debug|Any CPU
		{A18B8392-E38D-4366-B551-D65BA34DE1A3}.Debug|Any CPU.Build.0 = Debug|Any CPU
		{A18B8392-E38D-4366-B551-D65BA34DE1A3}.Release|Any CPU.ActiveCfg = Release|Any CPU
		{A18B8392-E38D-4366-B551-D65BA34DE1A3}.Release|Any CPU.Build.0 = Release|Any CPU
		{DE98612F-22A2-471C-A11B-BFF1A7174688}.Debug|Any CPU.ActiveCfg = Debug|Any CPU
		{DE98612F-22A2-471C-A11B-BFF1A7174688}.Debug|Any CPU.Build.0 = Debug|Any CPU
		{DE98612F-22A2-471C-A11B-BFF1A7174688}.Release|Any CPU.ActiveCfg = Release|Any CPU
		{DE98612F-22A2-471C-A11B-BFF1A7174688}.Release|Any CPU.Build.0 = Release|Any CPU
	EndGlobalSection
	GlobalSection(SolutionProperties) = preSolution
		HideSolutionNode = FALSE
	EndGlobalSection
	GlobalSection(ExtensibilityGlobals) = postSolution
		SolutionGuid = {56841CCC-E87E-4EE1-A2FD-03F0E7E51FA9}
	EndGlobalSection
EndGlobal
